
Microsoft Visual Studio Solution File, Format Version 12.00
# Visual Studio Version 17
VisualStudioVersion = 17.7.34031.279
MinimumVisualStudioVersion = 10.0.40219.1
Project("{9A19103F-16F7-4668-BE54-9A1E7A4F7556}") = "evf", "evf\evf.csproj", "{B66082AA-4AD8-4B73-BE1E-A70BE646A8D2}"
EndProject
Project("{9A19103F-16F7-4668-BE54-9A1E7A4F7556}") = "EVF.DAL", "EVF.DAL\EVF.DAL.csproj", "{DDF8732C-B404-4E9A-A2CA-0A0400023F97}"
EndProject
Global
	GlobalSection(SolutionConfigurationPlatforms) = preSolution
		Debug|Any CPU = Debug|Any CPU
		Release|Any CPU = Release|Any CPU
	EndGlobalSection
	GlobalSection(ProjectConfigurationPlatforms) = postSolution
		{B66082AA-4AD8-4B73-BE1E-A70BE646A8D2}.Debug|Any CPU.ActiveCfg = Debug|Any CPU
		{B66082AA-4AD8-4B73-BE1E-A70BE646A8D2}.Debug|Any CPU.Build.0 = Debug|Any CPU
		{B66082AA-4AD8-4B73-BE1E-A70BE646A8D2}.Release|Any CPU.ActiveCfg = Release|Any CPU
		{B66082AA-4AD8-4B73-BE1E-A70BE646A8D2}.Release|Any CPU.Build.0 = Release|Any CPU
		{DDF8732C-B404-4E9A-A2CA-0A0400023F97}.Debug|Any CPU.ActiveCfg = Debug|Any CPU
		{DDF8732C-B404-4E9A-A2CA-0A0400023F97}.Debug|Any CPU.Build.0 = Debug|Any CPU
		{DDF8732C-B404-4E9A-A2CA-0A0400023F97}.Release|Any CPU.ActiveCfg = Release|Any CPU
		{DDF8732C-B404-4E9A-A2CA-0A0400023F97}.Release|Any CPU.Build.0 = Release|Any CPU
	EndGlobalSection
	GlobalSection(SolutionProperties) = preSolution
		HideSolutionNode = FALSE
	EndGlobalSection
	GlobalSection(ExtensibilityGlobals) = postSolution
		SolutionGuid = {5DC5BBF3-3D5E-494B-B05D-828BB7E478A5}
	EndGlobalSection
EndGlobal
